
Microsoft Visual Studio Solution File, Format Version 12.00
# Visual Studio 15
VisualStudioVersion = 15.0.27703.2026
MinimumVisualStudioVersion = 10.0.40219.1
Project("{9A19103F-16F7-4668-BE54-9A1E7A4F7556}") = "LambdaS3FileZipper", "LambdaS3FileZipper\LambdaS3FileZipper.csproj", "{A87930C6-8082-4760-83BE-272FD39E036D}"
EndProject
Project("{9A19103F-16F7-4668-BE54-9A1E7A4F7556}") = "LambdaS3FileZipper.Test", "LambdaS3FileZipper.Test\LambdaS3FileZipper.Test.csproj", "{21982D49-2F6C-4A11-868D-6B04880C38F2}"
EndProject
Project("{FAE04EC0-301F-11D3-BF4B-00C04F79EFBC}") = "LambdaS3FileZipper.IntegrationTests", "LambdaS3FileZipper.IntegrationTests\LambdaS3FileZipper.IntegrationTests.csproj", "{905977C4-E8FC-40DC-85D0-CBFCD9F7BD8D}"
EndProject
Global
	GlobalSection(SolutionConfigurationPlatforms) = preSolution
		Debug|Any CPU = Debug|Any CPU
		Release|Any CPU = Release|Any CPU
	EndGlobalSection
	GlobalSection(ProjectConfigurationPlatforms) = postSolution
		{A87930C6-8082-4760-83BE-272FD39E036D}.Debug|Any CPU.ActiveCfg = Debug|Any CPU
		{A87930C6-8082-4760-83BE-272FD39E036D}.Debug|Any CPU.Build.0 = Debug|Any CPU
		{A87930C6-8082-4760-83BE-272FD39E036D}.Release|Any CPU.ActiveCfg = Release|Any CPU
		{A87930C6-8082-4760-83BE-272FD39E036D}.Release|Any CPU.Build.0 = Release|Any CPU
		{21982D49-2F6C-4A11-868D-6B04880C38F2}.Debug|Any CPU.ActiveCfg = Debug|Any CPU
		{21982D49-2F6C-4A11-868D-6B04880C38F2}.Debug|Any CPU.Build.0 = Debug|Any CPU
		{21982D49-2F6C-4A11-868D-6B04880C38F2}.Release|Any CPU.ActiveCfg = Release|Any CPU
		{21982D49-2F6C-4A11-868D-6B04880C38F2}.Release|Any CPU.Build.0 = Release|Any CPU
		{905977C4-E8FC-40DC-85D0-CBFCD9F7BD8D}.Debug|Any CPU.ActiveCfg = Debug|Any CPU
		{905977C4-E8FC-40DC-85D0-CBFCD9F7BD8D}.Debug|Any CPU.Build.0 = Debug|Any CPU
		{905977C4-E8FC-40DC-85D0-CBFCD9F7BD8D}.Release|Any CPU.ActiveCfg = Release|Any CPU
		{905977C4-E8FC-40DC-85D0-CBFCD9F7BD8D}.Release|Any CPU.Build.0 = Release|Any CPU
	EndGlobalSection
	GlobalSection(SolutionProperties) = preSolution
		HideSolutionNode = FALSE
	EndGlobalSection
	GlobalSection(ExtensibilityGlobals) = postSolution
		SolutionGuid = {8D87E888-F714-4BFC-BC01-E5FE2D154E67}
	EndGlobalSection
EndGlobal
